
Microsoft Visual Studio Solution File, Format Version 12.00
# Visual Studio 14
VisualStudioVersion = 14.0.23107.0
MinimumVisualStudioVersion = 10.0.40219.1
Project("{FAE04EC0-301F-11D3-BF4B-00C04F79EFBC}") = "ConferenceCalling", "ConferenceCalling\ConferenceCalling.csproj", "{7C634FFA-0254-412C-BD9C-9448B657DEB6}"
EndProject
Project("{2150E333-8FDC-42A3-9474-1A3956D46DE8}") = "PublishScripts", "PublishScripts", "{D3F03BD9-4487-4566-BED5-FBF9AF14D475}"
	ProjectSection(SolutionItems) = preProject
		PublishScripts\AzureVMPublishModule.psm1 = PublishScripts\AzureVMPublishModule.psm1
		PublishScripts\Publish-WebApplicationVM.ps1 = PublishScripts\Publish-WebApplicationVM.ps1
	EndProjectSection
EndProject
Project("{2150E333-8FDC-42A3-9474-1A3956D46DE8}") = "Configurations", "Configurations", "{7D27FA58-61FC-4FE5-A1D0-2320692F72E2}"
	ProjectSection(SolutionItems) = preProject
		PublishScripts\Configurations\ConferenceCalling-WAWS-dev.json = PublishScripts\Configurations\ConferenceCalling-WAWS-dev.json
	EndProjectSection
EndProject
Global
	GlobalSection(SolutionConfigurationPlatforms) = preSolution
		Debug|Any CPU = Debug|Any CPU
		Release|Any CPU = Release|Any CPU
	EndGlobalSection
	GlobalSection(ProjectConfigurationPlatforms) = postSolution
		{7C634FFA-0254-412C-BD9C-9448B657DEB6}.Debug|Any CPU.ActiveCfg = Debug|Any CPU
		{7C634FFA-0254-412C-BD9C-9448B657DEB6}.Debug|Any CPU.Build.0 = Debug|Any CPU
		{7C634FFA-0254-412C-BD9C-9448B657DEB6}.Release|Any CPU.ActiveCfg = Release|Any CPU
		{7C634FFA-0254-412C-BD9C-9448B657DEB6}.Release|Any CPU.Build.0 = Release|Any CPU
	EndGlobalSection
	GlobalSection(SolutionProperties) = preSolution
		HideSolutionNode = FALSE
	EndGlobalSection
	GlobalSection(NestedProjects) = preSolution
		{7D27FA58-61FC-4FE5-A1D0-2320692F72E2} = {D3F03BD9-4487-4566-BED5-FBF9AF14D475}
	EndGlobalSection
EndGlobal
